// !$*UTF8*$!
{
	archiveVersion = 1;
	classes = {
	};
	objectVersion = 56;
	objects = {

/* Begin PBXBuildFile section */
		C933C6652A938FFE00B30100 /* Utilites.swift in Sources */ = {isa = PBXBuildFile; fileRef = C933C6642A938FFE00B30100 /* Utilites.swift */; };
		C9C47EB52A92249F0012C896 /* AppDelegate.swift in Sources */ = {isa = PBXBuildFile; fileRef = C9C47EB42A92249F0012C896 /* AppDelegate.swift */; };
		C9C47EB72A92249F0012C896 /* SceneDelegate.swift in Sources */ = {isa = PBXBuildFile; fileRef = C9C47EB62A92249F0012C896 /* SceneDelegate.swift */; };
		C9C47EBC2A92249F0012C896 /* Main.storyboard in Resources */ = {isa = PBXBuildFile; fileRef = C9C47EBA2A92249F0012C896 /* Main.storyboard */; };
		C9C47EBE2A9224A00012C896 /* Assets.xcassets in Resources */ = {isa = PBXBuildFile; fileRef = C9C47EBD2A9224A00012C896 /* Assets.xcassets */; };
		C9C47EC12A9224A00012C896 /* LaunchScreen.storyboard in Resources */ = {isa = PBXBuildFile; fileRef = C9C47EBF2A9224A00012C896 /* LaunchScreen.storyboard */; };
		C9C47ECF2A9225C40012C896 /* MainTabController.swift in Sources */ = {isa = PBXBuildFile; fileRef = C9C47ECE2A9225C40012C896 /* MainTabController.swift */; };
		C9C47ED12A9226D60012C896 /* FeedController.swift in Sources */ = {isa = PBXBuildFile; fileRef = C9C47ED02A9226D60012C896 /* FeedController.swift */; };
		C9C47ED32A9227180012C896 /* ExploreController.swift in Sources */ = {isa = PBXBuildFile; fileRef = C9C47ED22A9227180012C896 /* ExploreController.swift */; };
		C9C47ED52A92272A0012C896 /* NotificationsController.swift in Sources */ = {isa = PBXBuildFile; fileRef = C9C47ED42A92272A0012C896 /* NotificationsController.swift */; };
		C9C47ED72A9227390012C896 /* ConversationsController.swift in Sources */ = {isa = PBXBuildFile; fileRef = C9C47ED62A9227390012C896 /* ConversationsController.swift */; };
		C9C47EDB2A925E240012C896 /* Extensions.swift in Sources */ = {isa = PBXBuildFile; fileRef = C9C47EDA2A925E240012C896 /* Extensions.swift */; };
		C9C47EDE2A9270AE0012C896 /* LoginController.swift in Sources */ = {isa = PBXBuildFile; fileRef = C9C47EDD2A9270AE0012C896 /* LoginController.swift */; };
		C9C47EE02A9271490012C896 /* RegistrationController.swift in Sources */ = {isa = PBXBuildFile; fileRef = C9C47EDF2A9271490012C896 /* RegistrationController.swift */; };
/* End PBXBuildFile section */

/* Begin PBXFileReference section */
		C933C6642A938FFE00B30100 /* Utilites.swift */ = {isa = PBXFileReference; lastKnownFileType = sourcecode.swift; path = Utilites.swift; sourceTree = "<group>"; };
		C9C47EB12A92249F0012C896 /* TwitterTutorial.app */ = {isa = PBXFileReference; explicitFileType = wrapper.application; includeInIndex = 0; path = TwitterTutorial.app; sourceTree = BUILT_PRODUCTS_DIR; };
		C9C47EB42A92249F0012C896 /* AppDelegate.swift */ = {isa = PBXFileReference; lastKnownFileType = sourcecode.swift; path = AppDelegate.swift; sourceTree = "<group>"; };
		C9C47EB62A92249F0012C896 /* SceneDelegate.swift */ = {isa = PBXFileReference; lastKnownFileType = sourcecode.swift; path = SceneDelegate.swift; sourceTree = "<group>"; };
		C9C47EBB2A92249F0012C896 /* Base */ = {isa = PBXFileReference; lastKnownFileType = file.storyboard; name = Base; path = Base.lproj/Main.storyboard; sourceTree = "<group>"; };
		C9C47EBD2A9224A00012C896 /* Assets.xcassets */ = {isa = PBXFileReference; lastKnownFileType = folder.assetcatalog; path = Assets.xcassets; sourceTree = "<group>"; };
		C9C47EC02A9224A00012C896 /* Base */ = {isa = PBXFileReference; lastKnownFileType = file.storyboard; name = Base; path = Base.lproj/LaunchScreen.storyboard; sourceTree = "<group>"; };
		C9C47EC22A9224A00012C896 /* Info.plist */ = {isa = PBXFileReference; lastKnownFileType = text.plist.xml; path = Info.plist; sourceTree = "<group>"; };
		C9C47ECE2A9225C40012C896 /* MainTabController.swift */ = {isa = PBXFileReference; lastKnownFileType = sourcecode.swift; path = MainTabController.swift; sourceTree = "<group>"; };
		C9C47ED02A9226D60012C896 /* FeedController.swift */ = {isa = PBXFileReference; lastKnownFileType = sourcecode.swift; path = FeedController.swift; sourceTree = "<group>"; };
		C9C47ED22A9227180012C896 /* ExploreController.swift */ = {isa = PBXFileReference; lastKnownFileType = sourcecode.swift; path = ExploreController.swift; sourceTree = "<group>"; };
		C9C47ED42A92272A0012C896 /* NotificationsController.swift */ = {isa = PBXFileReference; lastKnownFileType = sourcecode.swift; path = NotificationsController.swift; sourceTree = "<group>"; };
		C9C47ED62A9227390012C896 /* ConversationsController.swift */ = {isa = PBXFileReference; lastKnownFileType = sourcecode.swift; path = ConversationsController.swift; sourceTree = "<group>"; };
		C9C47EDA2A925E240012C896 /* Extensions.swift */ = {isa = PBXFileReference; fileEncoding = 4; lastKnownFileType = sourcecode.swift; path = Extensions.swift; sourceTree = "<group>"; };
		C9C47EDD2A9270AE0012C896 /* LoginController.swift */ = {isa = PBXFileReference; lastKnownFileType = sourcecode.swift; path = LoginController.swift; sourceTree = "<group>"; };
		C9C47EDF2A9271490012C896 /* RegistrationController.swift */ = {isa = PBXFileReference; lastKnownFileType = sourcecode.swift; path = RegistrationController.swift; sourceTree = "<group>"; };
/* End PBXFileReference section */

/* Begin PBXFrameworksBuildPhase section */
		C9C47EAE2A92249F0012C896 /* Frameworks */ = {
			isa = PBXFrameworksBuildPhase;
			buildActionMask = 2147483647;
			files = (
			);
			runOnlyForDeploymentPostprocessing = 0;
		};
/* End PBXFrameworksBuildPhase section */

/* Begin PBXGroup section */
		C9C47EA82A92249F0012C896 = {
			isa = PBXGroup;
			children = (
				C9C47EB32A92249F0012C896 /* TwitterTutorial */,
				C9C47EB22A92249F0012C896 /* Products */,
			);
			sourceTree = "<group>";
		};
		C9C47EB22A92249F0012C896 /* Products */ = {
			isa = PBXGroup;
			children = (
				C9C47EB12A92249F0012C896 /* TwitterTutorial.app */,
			);
			name = Products;
			sourceTree = "<group>";
		};
		C9C47EB32A92249F0012C896 /* TwitterTutorial */ = {
			isa = PBXGroup;
			children = (
				C9C47ECD2A9224F00012C896 /* Model */,
				C9C47ECC2A9224ED0012C896 /* View */,
				C9C47ECB2A9224EB0012C896 /* ViewModel */,
				C9C47ECA2A9224E80012C896 /* Controller */,
				C9C47EC92A9224E50012C896 /* API */,
				C9C47EC82A9224CB0012C896 /* Uilts */,
				C9C47EB42A92249F0012C896 /* AppDelegate.swift */,
				C9C47EB62A92249F0012C896 /* SceneDelegate.swift */,
				C9C47EBA2A92249F0012C896 /* Main.storyboard */,
				C9C47EBD2A9224A00012C896 /* Assets.xcassets */,
				C9C47EBF2A9224A00012C896 /* LaunchScreen.storyboard */,
				C9C47EC22A9224A00012C896 /* Info.plist */,
			);
			path = TwitterTutorial;
			sourceTree = "<group>";
		};
		C9C47EC82A9224CB0012C896 /* Uilts */ = {
			isa = PBXGroup;
			children = (
				C9C47EDA2A925E240012C896 /* Extensions.swift */,
				C933C6642A938FFE00B30100 /* Utilites.swift */,
			);
			path = Uilts;
			sourceTree = "<group>";
		};
		C9C47EC92A9224E50012C896 /* API */ = {
			isa = PBXGroup;
			children = (
			);
			path = API;
			sourceTree = "<group>";
		};
		C9C47ECA2A9224E80012C896 /* Controller */ = {
			isa = PBXGroup;
			children = (
				C9C47EDC2A92708A0012C896 /* Authentication */,
				C9C47ECE2A9225C40012C896 /* MainTabController.swift */,
				C9C47ED02A9226D60012C896 /* FeedController.swift */,
				C9C47ED22A9227180012C896 /* ExploreController.swift */,
				C9C47ED42A92272A0012C896 /* NotificationsController.swift */,
				C9C47ED62A9227390012C896 /* ConversationsController.swift */,
			);
			path = Controller;
			sourceTree = "<group>";
		};
		C9C47ECB2A9224EB0012C896 /* ViewModel */ = {
			isa = PBXGroup;
			children = (
			);
			path = ViewModel;
			sourceTree = "<group>";
		};
		C9C47ECC2A9224ED0012C896 /* View */ = {
			isa = PBXGroup;
			children = (
			);
			path = View;
			sourceTree = "<group>";
		};
		C9C47ECD2A9224F00012C896 /* Model */ = {
			isa = PBXGroup;
			children = (
			);
			path = Model;
			sourceTree = "<group>";
		};
		C9C47EDC2A92708A0012C896 /* Authentication */ = {
			isa = PBXGroup;
			children = (
				C9C47EDD2A9270AE0012C896 /* LoginController.swift */,
				C9C47EDF2A9271490012C896 /* RegistrationController.swift */,
			);
			path = Authentication;
			sourceTree = "<group>";
		};
/* End PBXGroup section */

/* Begin PBXNativeTarget section */
		C9C47EB02A92249F0012C896 /* TwitterTutorial */ = {
			isa = PBXNativeTarget;
			buildConfigurationList = C9C47EC52A9224A00012C896 /* Build configuration list for PBXNativeTarget "TwitterTutorial" */;
			buildPhases = (
				C9C47EAD2A92249F0012C896 /* Sources */,
				C9C47EAE2A92249F0012C896 /* Frameworks */,
				C9C47EAF2A92249F0012C896 /* Resources */,
			);
			buildRules = (
			);
			dependencies = (
			);
			name = TwitterTutorial;
			productName = TwitterTutorial;
			productReference = C9C47EB12A92249F0012C896 /* TwitterTutorial.app */;
			productType = "com.apple.product-type.application";
		};
/* End PBXNativeTarget section */

/* Begin PBXProject section */
		C9C47EA92A92249F0012C896 /* Project object */ = {
			isa = PBXProject;
			attributes = {
				BuildIndependentTargetsInParallel = 1;
				LastSwiftUpdateCheck = 1430;
				LastUpgradeCheck = 1430;
				TargetAttributes = {
					C9C47EB02A92249F0012C896 = {
						CreatedOnToolsVersion = 14.3.1;
					};
				};
			};
			buildConfigurationList = C9C47EAC2A92249F0012C896 /* Build configuration list for PBXProject "TwitterTutorial" */;
			compatibilityVersion = "Xcode 14.0";
			developmentRegion = en;
			hasScannedForEncodings = 0;
			knownRegions = (
				en,
				Base,
			);
			mainGroup = C9C47EA82A92249F0012C896;
			productRefGroup = C9C47EB22A92249F0012C896 /* Products */;
			projectDirPath = "";
			projectRoot = "";
			targets = (
				C9C47EB02A92249F0012C896 /* TwitterTutorial */,
			);
		};
/* End PBXProject section */

/* Begin PBXResourcesBuildPhase section */
		C9C47EAF2A92249F0012C896 /* Resources */ = {
			isa = PBXResourcesBuildPhase;
			buildActionMask = 2147483647;
			files = (
				C9C47EC12A9224A00012C896 /* LaunchScreen.storyboard in Resources */,
				C9C47EBE2A9224A00012C896 /* Assets.xcassets in Resources */,
				C9C47EBC2A92249F0012C896 /* Main.storyboard in Resources */,
			);
			runOnlyForDeploymentPostprocessing = 0;
		};
/* End PBXResourcesBuildPhase section */

/* Begin PBXSourcesBuildPhase section */
		C9C47EAD2A92249F0012C896 /* Sources */ = {
			isa = PBXSourcesBuildPhase;
			buildActionMask = 2147483647;
			files = (
				C9C47ED52A92272A0012C896 /* NotificationsController.swift in Sources */,
				C9C47ED72A9227390012C896 /* ConversationsController.swift in Sources */,
				C9C47EB52A92249F0012C896 /* AppDelegate.swift in Sources */,
				C9C47EDB2A925E240012C896 /* Extensions.swift in Sources */,
				C933C6652A938FFE00B30100 /* Utilites.swift in Sources */,
				C9C47ED32A9227180012C896 /* ExploreController.swift in Sources */,
				C9C47EB72A92249F0012C896 /* SceneDelegate.swift in Sources */,
				C9C47ECF2A9225C40012C896 /* MainTabController.swift in Sources */,
				C9C47EDE2A9270AE0012C896 /* LoginController.swift in Sources */,
				C9C47EE02A9271490012C896 /* RegistrationController.swift in Sources */,
				C9C47ED12A9226D60012C896 /* FeedController.swift in Sources */,
			);
			runOnlyForDeploymentPostprocessing = 0;
		};
/* End PBXSourcesBuildPhase section */

/* Begin PBXVariantGroup section */
		C9C47EBA2A92249F0012C896 /* Main.storyboard */ = {
			isa = PBXVariantGroup;
			children = (
				C9C47EBB2A92249F0012C896 /* Base */,
			);
			name = Main.storyboard;
			sourceTree = "<group>";
		};
		C9C47EBF2A9224A00012C896 /* LaunchScreen.storyboard */ = {
			isa = PBXVariantGroup;
			children = (
				C9C47EC02A9224A00012C896 /* Base */,
			);
			name = LaunchScreen.storyboard;
			sourceTree = "<group>";
		};
/* End PBXVariantGroup section */

/* Begin XCBuildConfiguration section */
		C9C47EC32A9224A00012C896 /* Debug */ = {
			isa = XCBuildConfiguration;
			buildSettings = {
				ALWAYS_SEARCH_USER_PATHS = NO;
				CLANG_ANALYZER_NONNULL = YES;
				CLANG_ANALYZER_NUMBER_OBJECT_CONVERSION = YES_AGGRESSIVE;
				CLANG_CXX_LANGUAGE_STANDARD = "gnu++20";
				CLANG_ENABLE_MODULES = YES;
				CLANG_ENABLE_OBJC_ARC = YES;
				CLANG_ENABLE_OBJC_WEAK = YES;
				CLANG_WARN_BLOCK_CAPTURE_AUTORELEASING = YES;
				CLANG_WARN_BOOL_CONVERSION = YES;
				CLANG_WARN_COMMA = YES;
				CLANG_WARN_CONSTANT_CONVERSION = YES;
				CLANG_WARN_DEPRECATED_OBJC_IMPLEMENTATIONS = YES;
				CLANG_WARN_DIRECT_OBJC_ISA_USAGE = YES_ERROR;
				CLANG_WARN_DOCUMENTATION_COMMENTS = YES;
				CLANG_WARN_EMPTY_BODY = YES;
				CLANG_WARN_ENUM_CONVERSION = YES;
				CLANG_WARN_INFINITE_RECURSION = YES;
				CLANG_WARN_INT_CONVERSION = YES;
				CLANG_WARN_NON_LITERAL_NULL_CONVERSION = YES;
				CLANG_WARN_OBJC_IMPLICIT_RETAIN_SELF = YES;
				CLANG_WARN_OBJC_LITERAL_CONVERSION = YES;
				CLANG_WARN_OBJC_ROOT_CLASS = YES_ERROR;
				CLANG_WARN_QUOTED_INCLUDE_IN_FRAMEWORK_HEADER = YES;
				CLANG_WARN_RANGE_LOOP_ANALYSIS = YES;
				CLANG_WARN_STRICT_PROTOTYPES = YES;
				CLANG_WARN_SUSPICIOUS_MOVE = YES;
				CLANG_WARN_UNGUARDED_AVAILABILITY = YES_AGGRESSIVE;
				CLANG_WARN_UNREACHABLE_CODE = YES;
				CLANG_WARN__DUPLICATE_METHOD_MATCH = YES;
				COPY_PHASE_STRIP = NO;
				DEBUG_INFORMATION_FORMAT = dwarf;
				ENABLE_STRICT_OBJC_MSGSEND = YES;
				ENABLE_TESTABILITY = YES;
				GCC_C_LANGUAGE_STANDARD = gnu11;
				GCC_DYNAMIC_NO_PIC = NO;
				GCC_NO_COMMON_BLOCKS = YES;
				GCC_OPTIMIZATION_LEVEL = 0;
				GCC_PREPROCESSOR_DEFINITIONS = (
					"DEBUG=1",
					"$(inherited)",
				);
				GCC_WARN_64_TO_32_BIT_CONVERSION = YES;
				GCC_WARN_ABOUT_RETURN_TYPE = YES_ERROR;
				GCC_WARN_UNDECLARED_SELECTOR = YES;
				GCC_WARN_UNINITIALIZED_AUTOS = YES_AGGRESSIVE;
				GCC_WARN_UNUSED_FUNCTION = YES;
				GCC_WARN_UNUSED_VARIABLE = YES;
				IPHONEOS_DEPLOYMENT_TARGET = 16.4;
				MTL_ENABLE_DEBUG_INFO = INCLUDE_SOURCE;
				MTL_FAST_MATH = YES;
				ONLY_ACTIVE_ARCH = YES;
				SDKROOT = iphoneos;
				SWIFT_ACTIVE_COMPILATION_CONDITIONS = DEBUG;
				SWIFT_OPTIMIZATION_LEVEL = "-Onone";
			};
			name = Debug;
		};
		C9C47EC42A9224A00012C896 /* Release */ = {
			isa = XCBuildConfiguration;
			buildSettings = {
				ALWAYS_SEARCH_USER_PATHS = NO;
				CLANG_ANALYZER_NONNULL = YES;
				CLANG_ANALYZER_NUMBER_OBJECT_CONVERSION = YES_AGGRESSIVE;
				CLANG_CXX_LANGUAGE_STANDARD = "gnu++20";
				CLANG_ENABLE_MODULES = YES;
				CLANG_ENABLE_OBJC_ARC = YES;
				CLANG_ENABLE_OBJC_WEAK = YES;
				CLANG_WARN_BLOCK_CAPTURE_AUTORELEASING = YES;
				CLANG_WARN_BOOL_CONVERSION = YES;
				CLANG_WARN_COMMA = YES;
				CLANG_WARN_CONSTANT_CONVERSION = YES;
				CLANG_WARN_DEPRECATED_OBJC_IMPLEMENTATIONS = YES;
				CLANG_WARN_DIRECT_OBJC_ISA_USAGE = YES_ERROR;
				CLANG_WARN_DOCUMENTATION_COMMENTS = YES;
				CLANG_WARN_EMPTY_BODY = YES;
				CLANG_WARN_ENUM_CONVERSION = YES;
				CLANG_WARN_INFINITE_RECURSION = YES;
				CLANG_WARN_INT_CONVERSION = YES;
				CLANG_WARN_NON_LITERAL_NULL_CONVERSION = YES;
				CLANG_WARN_OBJC_IMPLICIT_RETAIN_SELF = YES;
				CLANG_WARN_OBJC_LITERAL_CONVERSION = YES;
				CLANG_WARN_OBJC_ROOT_CLASS = YES_ERROR;
				CLANG_WARN_QUOTED_INCLUDE_IN_FRAMEWORK_HEADER = YES;
				CLANG_WARN_RANGE_LOOP_ANALYSIS = YES;
				CLANG_WARN_STRICT_PROTOTYPES = YES;
				CLANG_WARN_SUSPICIOUS_MOVE = YES;
				CLANG_WARN_UNGUARDED_AVAILABILITY = YES_AGGRESSIVE;
				CLANG_WARN_UNREACHABLE_CODE = YES;
				CLANG_WARN__DUPLICATE_METHOD_MATCH = YES;
				COPY_PHASE_STRIP = NO;
				DEBUG_INFORMATION_FORMAT = "dwarf-with-dsym";
				ENABLE_NS_ASSERTIONS = NO;
				ENABLE_STRICT_OBJC_MSGSEND = YES;
				GCC_C_LANGUAGE_STANDARD = gnu11;
				GCC_NO_COMMON_BLOCKS = YES;
				GCC_WARN_64_TO_32_BIT_CONVERSION = YES;
				GCC_WARN_ABOUT_RETURN_TYPE = YES_ERROR;
				GCC_WARN_UNDECLARED_SELECTOR = YES;
				GCC_WARN_UNINITIALIZED_AUTOS = YES_AGGRESSIVE;
				GCC_WARN_UNUSED_FUNCTION = YES;
				GCC_WARN_UNUSED_VARIABLE = YES;
				IPHONEOS_DEPLOYMENT_TARGET = 16.4;
				MTL_ENABLE_DEBUG_INFO = NO;
				MTL_FAST_MATH = YES;
				SDKROOT = iphoneos;
				SWIFT_COMPILATION_MODE = wholemodule;
				SWIFT_OPTIMIZATION_LEVEL = "-O";
				VALIDATE_PRODUCT = YES;
			};
			name = Release;
		};
		C9C47EC62A9224A00012C896 /* Debug */ = {
			isa = XCBuildConfiguration;
			buildSettings = {
				ASSETCATALOG_COMPILER_APPICON_NAME = AppIcon;
				ASSETCATALOG_COMPILER_GLOBAL_ACCENT_COLOR_NAME = AccentColor;
				CODE_SIGN_STYLE = Automatic;
				CURRENT_PROJECT_VERSION = 1;
				GENERATE_INFOPLIST_FILE = YES;
				INFOPLIST_FILE = TwitterTutorial/Info.plist;
				INFOPLIST_KEY_UIApplicationSupportsIndirectInputEvents = YES;
				INFOPLIST_KEY_UILaunchStoryboardName = LaunchScreen;
				INFOPLIST_KEY_UIMainStoryboardFile = Main;
				INFOPLIST_KEY_UISupportedInterfaceOrientations_iPad = "UIInterfaceOrientationPortrait UIInterfaceOrientationPortraitUpsideDown UIInterfaceOrientationLandscapeLeft UIInterfaceOrientationLandscapeRight";
				INFOPLIST_KEY_UISupportedInterfaceOrientations_iPhone = "UIInterfaceOrientationPortrait UIInterfaceOrientationLandscapeLeft UIInterfaceOrientationLandscapeRight";
				IPHONEOS_DEPLOYMENT_TARGET = 16.0;
				LD_RUNPATH_SEARCH_PATHS = (
					"$(inherited)",
					"@executable_path/Frameworks",
				);
				MARKETING_VERSION = 1.0;
				PRODUCT_BUNDLE_IDENTIFIER = com.isakHam.TwitterTutorial;
				PRODUCT_NAME = "$(TARGET_NAME)";
				SUPPORTED_PLATFORMS = "iphoneos iphonesimulator";
				SUPPORTS_MACCATALYST = NO;
				SUPPORTS_MAC_DESIGNED_FOR_IPHONE_IPAD = NO;
				SWIFT_EMIT_LOC_STRINGS = YES;
				SWIFT_VERSION = 5.0;
				TARGETED_DEVICE_FAMILY = "1,2";
			};
			name = Debug;
		};
		C9C47EC72A9224A00012C896 /* Release */ = {
			isa = XCBuildConfiguration;
			buildSettings = {
				ASSETCATALOG_COMPILER_APPICON_NAME = AppIcon;
				ASSETCATALOG_COMPILER_GLOBAL_ACCENT_COLOR_NAME = AccentColor;
				CODE_SIGN_STYLE = Automatic;
				CURRENT_PROJECT_VERSION = 1;
				GENERATE_INFOPLIST_FILE = YES;
				INFOPLIST_FILE = TwitterTutorial/Info.plist;
				INFOPLIST_KEY_UIApplicationSupportsIndirectInputEvents = YES;
				INFOPLIST_KEY_UILaunchStoryboardName = LaunchScreen;
				INFOPLIST_KEY_UIMainStoryboardFile = Main;
				INFOPLIST_KEY_UISupportedInterfaceOrientations_iPad = "UIInterfaceOrientationPortrait UIInterfaceOrientationPortraitUpsideDown UIInterfaceOrientationLandscapeLeft UIInterfaceOrientationLandscapeRight";
				INFOPLIST_KEY_UISupportedInterfaceOrientations_iPhone = "UIInterfaceOrientationPortrait UIInterfaceOrientationLandscapeLeft UIInterfaceOrientationLandscapeRight";
				IPHONEOS_DEPLOYMENT_TARGET = 16.0;
				LD_RUNPATH_SEARCH_PATHS = (
					"$(inherited)",
					"@executable_path/Frameworks",
				);
				MARKETING_VERSION = 1.0;
				PRODUCT_BUNDLE_IDENTIFIER = com.isakHam.TwitterTutorial;
				PRODUCT_NAME = "$(TARGET_NAME)";
				SUPPORTED_PLATFORMS = "iphoneos iphonesimulator";
				SUPPORTS_MACCATALYST = NO;
				SUPPORTS_MAC_DESIGNED_FOR_IPHONE_IPAD = NO;
				SWIFT_EMIT_LOC_STRINGS = YES;
				SWIFT_VERSION = 5.0;
				TARGETED_DEVICE_FAMILY = "1,2";
			};
			name = Release;
		};
/* End XCBuildConfiguration section */

/* Begin XCConfigurationList section */
		C9C47EAC2A92249F0012C896 /* Build configuration list for PBXProject "TwitterTutorial" */ = {
			isa = XCConfigurationList;
			buildConfigurations = (
				C9C47EC32A9224A00012C896 /* Debug */,
				C9C47EC42A9224A00012C896 /* Release */,
			);
			defaultConfigurationIsVisible = 0;
			defaultConfigurationName = Release;
		};
		C9C47EC52A9224A00012C896 /* Build configuration list for PBXNativeTarget "TwitterTutorial" */ = {
			isa = XCConfigurationList;
			buildConfigurations = (
				C9C47EC62A9224A00012C896 /* Debug */,
				C9C47EC72A9224A00012C896 /* Release */,
			);
			defaultConfigurationIsVisible = 0;
			defaultConfigurationName = Release;
		};
/* End XCConfigurationList section */
	};
	rootObject = C9C47EA92A92249F0012C896 /* Project object */;
}
